
Microsoft Visual Studio Solution File, Format Version 12.00
# Visual Studio Version 16
VisualStudioVersion = 16.0.31019.35
MinimumVisualStudioVersion = 10.0.40219.1
Project("{9A19103F-16F7-4668-BE54-9A1E7A4F7556}") = "RwsTest", "RwsTest.csproj", "{33429C2B-6123-4B52-B1A2-A8FC63CC6FD7}"
EndProject
Project("{FAE04EC0-301F-11D3-BF4B-00C04F79EFBC}") = "RwsTest.Tests", "..\RwsTest.Tests\RwsTest.Tests.csproj", "{92FF37A9-8533-474F-983A-B09F64F655D9}"
EndProject
Project("{FAE04EC0-301F-11D3-BF4B-00C04F79EFBC}") = "RwsTest.Convertors", "..\RwsTest.Convertors\RwsTest.Convertors.csproj", "{EA9DE997-3464-4A51-811F-318882370EAA}"
EndProject
Project("{FAE04EC0-301F-11D3-BF4B-00C04F79EFBC}") = "RwsTest.Common", "..\RwsTest.Common\RwsTest.Common.csproj", "{5322087F-1523-44C2-B32B-C9883E796050}"
EndProject
Project("{FAE04EC0-301F-11D3-BF4B-00C04F79EFBC}") = "RwsTest.Storages", "..\RwsTest.Storages\RwsTest.Storages.csproj", "{381D3DCB-C8B7-444C-B277-DC7FC792CB58}"
EndProject
Global
	GlobalSection(SolutionConfigurationPlatforms) = preSolution
		Debug|Any CPU = Debug|Any CPU
		Release|Any CPU = Release|Any CPU
	EndGlobalSection
	GlobalSection(ProjectConfigurationPlatforms) = postSolution
		{33429C2B-6123-4B52-B1A2-A8FC63CC6FD7}.Debug|Any CPU.ActiveCfg = Debug|Any CPU
		{33429C2B-6123-4B52-B1A2-A8FC63CC6FD7}.Debug|Any CPU.Build.0 = Debug|Any CPU
		{33429C2B-6123-4B52-B1A2-A8FC63CC6FD7}.Release|Any CPU.ActiveCfg = Release|Any CPU
		{33429C2B-6123-4B52-B1A2-A8FC63CC6FD7}.Release|Any CPU.Build.0 = Release|Any CPU
		{92FF37A9-8533-474F-983A-B09F64F655D9}.Debug|Any CPU.ActiveCfg = Debug|Any CPU
		{92FF37A9-8533-474F-983A-B09F64F655D9}.Debug|Any CPU.Build.0 = Debug|Any CPU
		{92FF37A9-8533-474F-983A-B09F64F655D9}.Release|Any CPU.ActiveCfg = Release|Any CPU
		{92FF37A9-8533-474F-983A-B09F64F655D9}.Release|Any CPU.Build.0 = Release|Any CPU
		{EA9DE997-3464-4A51-811F-318882370EAA}.Debug|Any CPU.ActiveCfg = Debug|Any CPU
		{EA9DE997-3464-4A51-811F-318882370EAA}.Debug|Any CPU.Build.0 = Debug|Any CPU
		{EA9DE997-3464-4A51-811F-318882370EAA}.Release|Any CPU.ActiveCfg = Release|Any CPU
		{EA9DE997-3464-4A51-811F-318882370EAA}.Release|Any CPU.Build.0 = Release|Any CPU
		{5322087F-1523-44C2-B32B-C9883E796050}.Debug|Any CPU.ActiveCfg = Debug|Any CPU
		{5322087F-1523-44C2-B32B-C9883E796050}.Debug|Any CPU.Build.0 = Debug|Any CPU
		{5322087F-1523-44C2-B32B-C9883E796050}.Release|Any CPU.ActiveCfg = Release|Any CPU
		{5322087F-1523-44C2-B32B-C9883E796050}.Release|Any CPU.Build.0 = Release|Any CPU
		{381D3DCB-C8B7-444C-B277-DC7FC792CB58}.Debug|Any CPU.ActiveCfg = Debug|Any CPU
		{381D3DCB-C8B7-444C-B277-DC7FC792CB58}.Debug|Any CPU.Build.0 = Debug|Any CPU
		{381D3DCB-C8B7-444C-B277-DC7FC792CB58}.Release|Any CPU.ActiveCfg = Release|Any CPU
		{381D3DCB-C8B7-444C-B277-DC7FC792CB58}.Release|Any CPU.Build.0 = Release|Any CPU
	EndGlobalSection
	GlobalSection(SolutionProperties) = preSolution
		HideSolutionNode = FALSE
	EndGlobalSection
	GlobalSection(ExtensibilityGlobals) = postSolution
		SolutionGuid = {0290FBBF-FAE7-4558-BD82-24C2E9F34160}
	EndGlobalSection
EndGlobal
